# This file is autogenerated, do not edit; changes may be undone by the next 'dep ensure'.


[[projects]]
  name = "github.com/Jeffail/gabs"
  packages = ["."]
  revision = "2a3aa15961d5fee6047b8151b67ac2f08ba2c48c"
  version = "1.0"

[[projects]]
  branch = "master"
  name = "github.com/asaskevich/EventBus"
  packages = ["."]
  revision = "9223ecd796146991d8ffc3b822d5aa02f15aee97"

[[projects]]
  branch = "master"
  name = "github.com/myzhan/boomer"
  packages = [".","gomq","gomq/zmtp"]
  revision = "8672afdb6aa16758af90068628929ef7edc2a86f"

[[projects]]
  name = "github.com/stripe/stripe-go"
  packages = [".","account","balance","bankaccount","bitcoinreceiver","bitcointransaction","card","charge","client","countryspec","coupon","customer","discount","dispute","event","fee","feerefund","fileupload","invoice","invoiceitem","order","orderitem","orderreturn","paymentsource","payout","plan","product","recipient","refund","reversal","sku","source","sub","subitem","token","transfer"]
  revision = "b4624161e25b0d4d6b153f13bf5f9090cf3ec4b8"
  version = "v19.17.0"

[[projects]]
  branch = "master"
  name = "github.com/ugorji/go"
  packages = ["codec"]
  revision = "7a1de86227c3a2d8c266c99436d6cf6685d0dc53"

[[projects]]
  name = "github.com/zeromq/goczmq"
  packages = ["."]
  revision = "98ab09146269d98bc3e427046f5fc222c4134e0b"
  version = "v4.1.0"

[solve-meta]
  analyzer-name = "dep"
  analyzer-version = 1
  inputs-digest = "c9333a575ed1b14210c8b04023bac1e206ad98a5efe5d0dd16f99671add0aebc"
  solver-name = "gps-cdcl"
  solver-version = 1
